
Microsoft Visual Studio Solution File, Format Version 12.00
# Visual Studio Version 16
VisualStudioVersion = 16.0.29230.47
MinimumVisualStudioVersion = 10.0.40219.1
Project("{9A19103F-16F7-4668-BE54-9A1E7A4F7556}") = "CognitiveServicesDemo.CustomerSupport", "CognitiveServicesDemo.CustomerSupport\CognitiveServicesDemo.CustomerSupport.csproj", "{56E9B67E-F851-4A57-8EBB-BD711F16C829}"
EndProject
Project("{FAE04EC0-301F-11D3-BF4B-00C04F79EFBC}") = "CognitiveServicesDemo.CustomerSupport.Persistance", "CognitiveServicesDemo.CustomerSupport.Persistance\CognitiveServicesDemo.CustomerSupport.Persistance.csproj", "{F3B617CD-7801-4586-AF3C-0E7378DAFA81}"
EndProject
Global
	GlobalSection(SolutionConfigurationPlatforms) = preSolution
		Debug|Any CPU = Debug|Any CPU
		Release|Any CPU = Release|Any CPU
	EndGlobalSection
	GlobalSection(ProjectConfigurationPlatforms) = postSolution
		{56E9B67E-F851-4A57-8EBB-BD711F16C829}.Debug|Any CPU.ActiveCfg = Debug|Any CPU
		{56E9B67E-F851-4A57-8EBB-BD711F16C829}.Debug|Any CPU.Build.0 = Debug|Any CPU
		{56E9B67E-F851-4A57-8EBB-BD711F16C829}.Release|Any CPU.ActiveCfg = Release|Any CPU
		{56E9B67E-F851-4A57-8EBB-BD711F16C829}.Release|Any CPU.Build.0 = Release|Any CPU
		{F3B617CD-7801-4586-AF3C-0E7378DAFA81}.Debug|Any CPU.ActiveCfg = Debug|Any CPU
		{F3B617CD-7801-4586-AF3C-0E7378DAFA81}.Debug|Any CPU.Build.0 = Debug|Any CPU
		{F3B617CD-7801-4586-AF3C-0E7378DAFA81}.Release|Any CPU.ActiveCfg = Release|Any CPU
		{F3B617CD-7801-4586-AF3C-0E7378DAFA81}.Release|Any CPU.Build.0 = Release|Any CPU
	EndGlobalSection
	GlobalSection(SolutionProperties) = preSolution
		HideSolutionNode = FALSE
	EndGlobalSection
	GlobalSection(ExtensibilityGlobals) = postSolution
		SolutionGuid = {40302039-3225-4A4D-98EF-A20BE3020B1F}
	EndGlobalSection
EndGlobal
